
Microsoft Visual Studio Solution File, Format Version 12.00
# Visual Studio 2012
Project("{FAE04EC0-301F-11D3-BF4B-00C04F79EFBC}") = "Customer", "Customer\Customer.csproj", "{2B950716-EE0D-490A-9003-96E03426F144}"
EndProject
Project("{FAE04EC0-301F-11D3-BF4B-00C04F79EFBC}") = "StringDisperser", "StringDisperser\StringDisperser.csproj", "{D1DE4154-DD23-4A4D-ACF7-C73D77BA0315}"
EndProject
Global
	GlobalSection(SolutionConfigurationPlatforms) = preSolution
		Debug|Any CPU = Debug|Any CPU
		Release|Any CPU = Release|Any CPU
	EndGlobalSection
	GlobalSection(ProjectConfigurationPlatforms) = postSolution
		{2B950716-EE0D-490A-9003-96E03426F144}.Debug|Any CPU.ActiveCfg = Debug|Any CPU
		{2B950716-EE0D-490A-9003-96E03426F144}.Debug|Any CPU.Build.0 = Debug|Any CPU
		{2B950716-EE0D-490A-9003-96E03426F144}.Release|Any CPU.ActiveCfg = Release|Any CPU
		{2B950716-EE0D-490A-9003-96E03426F144}.Release|Any CPU.Build.0 = Release|Any CPU
		{D1DE4154-DD23-4A4D-ACF7-C73D77BA0315}.Debug|Any CPU.ActiveCfg = Debug|Any CPU
		{D1DE4154-DD23-4A4D-ACF7-C73D77BA0315}.Debug|Any CPU.Build.0 = Debug|Any CPU
		{D1DE4154-DD23-4A4D-ACF7-C73D77BA0315}.Release|Any CPU.ActiveCfg = Release|Any CPU
		{D1DE4154-DD23-4A4D-ACF7-C73D77BA0315}.Release|Any CPU.Build.0 = Release|Any CPU
	EndGlobalSection
	GlobalSection(SolutionProperties) = preSolution
		HideSolutionNode = FALSE
	EndGlobalSection
EndGlobal
